
Microsoft Visual Studio Solution File, Format Version 12.00
# Visual Studio Version 17
VisualStudioVersion = 17.3.32929.385
MinimumVisualStudioVersion = 10.0.40219.1
Project("{9A19103F-16F7-4668-BE54-9A1E7A4F7556}") = "SipaaKernel", "SipaaKernel\SipaaKernel.csproj", "{8C02983A-5062-44C1-8D9D-1DB717ED64AD}"
EndProject
Project("{9A19103F-16F7-4668-BE54-9A1E7A4F7556}") = "SipaaKernel.Core", "SipaaKernel.Core\SipaaKernel.Core.csproj", "{381EFC86-5937-4B56-B034-DB847DA63A54}"
EndProject
Project("{9A19103F-16F7-4668-BE54-9A1E7A4F7556}") = "SipaaKernel.UI", "SipaaKernel.UI\SipaaKernel.UI.csproj", "{E26F1109-9107-42D5-810B-7499635655A1}"
EndProject
Project("{9A19103F-16F7-4668-BE54-9A1E7A4F7556}") = "SipaaGL", "SipaaGL\SipaaGL.csproj", "{DC89D959-C71C-4571-BECB-FF74691AAF7D}"
EndProject
Global
	GlobalSection(SolutionConfigurationPlatforms) = preSolution
		Debug|Any CPU = Debug|Any CPU
		Release|Any CPU = Release|Any CPU
	EndGlobalSection
	GlobalSection(ProjectConfigurationPlatforms) = postSolution
		{8C02983A-5062-44C1-8D9D-1DB717ED64AD}.Debug|Any CPU.ActiveCfg = Debug|Any CPU
		{8C02983A-5062-44C1-8D9D-1DB717ED64AD}.Debug|Any CPU.Build.0 = Debug|Any CPU
		{8C02983A-5062-44C1-8D9D-1DB717ED64AD}.Release|Any CPU.ActiveCfg = Release|Any CPU
		{8C02983A-5062-44C1-8D9D-1DB717ED64AD}.Release|Any CPU.Build.0 = Release|Any CPU
		{381EFC86-5937-4B56-B034-DB847DA63A54}.Debug|Any CPU.ActiveCfg = Debug|Any CPU
		{381EFC86-5937-4B56-B034-DB847DA63A54}.Debug|Any CPU.Build.0 = Debug|Any CPU
		{381EFC86-5937-4B56-B034-DB847DA63A54}.Release|Any CPU.ActiveCfg = Release|Any CPU
		{381EFC86-5937-4B56-B034-DB847DA63A54}.Release|Any CPU.Build.0 = Release|Any CPU
		{E26F1109-9107-42D5-810B-7499635655A1}.Debug|Any CPU.ActiveCfg = Debug|Any CPU
		{E26F1109-9107-42D5-810B-7499635655A1}.Debug|Any CPU.Build.0 = Debug|Any CPU
		{E26F1109-9107-42D5-810B-7499635655A1}.Release|Any CPU.ActiveCfg = Release|Any CPU
		{E26F1109-9107-42D5-810B-7499635655A1}.Release|Any CPU.Build.0 = Release|Any CPU
		{DC89D959-C71C-4571-BECB-FF74691AAF7D}.Debug|Any CPU.ActiveCfg = Debug|Any CPU
		{DC89D959-C71C-4571-BECB-FF74691AAF7D}.Debug|Any CPU.Build.0 = Debug|Any CPU
		{DC89D959-C71C-4571-BECB-FF74691AAF7D}.Release|Any CPU.ActiveCfg = Release|Any CPU
		{DC89D959-C71C-4571-BECB-FF74691AAF7D}.Release|Any CPU.Build.0 = Release|Any CPU
	EndGlobalSection
	GlobalSection(SolutionProperties) = preSolution
		HideSolutionNode = FALSE
	EndGlobalSection
	GlobalSection(ExtensibilityGlobals) = postSolution
		SolutionGuid = {E984097B-23BD-40A6-914A-9A42BFC49BA9}
	EndGlobalSection
EndGlobal
